
Microsoft Visual Studio Solution File, Format Version 12.00
# Visual Studio Version 17
VisualStudioVersion = 17.10.35013.160
MinimumVisualStudioVersion = 10.0.40219.1
Project("{9A19103F-16F7-4668-BE54-9A1E7A4F7556}") = "PointOfSale", "PointOfSale\PointOfSale.csproj", "{54951F20-425F-4A10-A96C-FBC87F10418B}"
EndProject
Project("{FAE04EC0-301F-11D3-BF4B-00C04F79EFBC}") = "PointOfSaleWebAPIs", "PointOfSaleWebAPIs\PointOfSaleWebAPIs.csproj", "{E41B6AA2-51F7-4C0C-96C4-E79F6154416C}"
EndProject
Global
	GlobalSection(SolutionConfigurationPlatforms) = preSolution
		Debug|Any CPU = Debug|Any CPU
		Release|Any CPU = Release|Any CPU
	EndGlobalSection
	GlobalSection(ProjectConfigurationPlatforms) = postSolution
		{54951F20-425F-4A10-A96C-FBC87F10418B}.Debug|Any CPU.ActiveCfg = Debug|Any CPU
		{54951F20-425F-4A10-A96C-FBC87F10418B}.Debug|Any CPU.Build.0 = Debug|Any CPU
		{54951F20-425F-4A10-A96C-FBC87F10418B}.Release|Any CPU.ActiveCfg = Release|Any CPU
		{54951F20-425F-4A10-A96C-FBC87F10418B}.Release|Any CPU.Build.0 = Release|Any CPU
		{E41B6AA2-51F7-4C0C-96C4-E79F6154416C}.Debug|Any CPU.ActiveCfg = Debug|Any CPU
		{E41B6AA2-51F7-4C0C-96C4-E79F6154416C}.Debug|Any CPU.Build.0 = Debug|Any CPU
		{E41B6AA2-51F7-4C0C-96C4-E79F6154416C}.Release|Any CPU.ActiveCfg = Release|Any CPU
		{E41B6AA2-51F7-4C0C-96C4-E79F6154416C}.Release|Any CPU.Build.0 = Release|Any CPU
	EndGlobalSection
	GlobalSection(SolutionProperties) = preSolution
		HideSolutionNode = FALSE
	EndGlobalSection
	GlobalSection(ExtensibilityGlobals) = postSolution
		SolutionGuid = {19584EF7-936D-4FB4-AFA2-50FC5D17CF69}
	EndGlobalSection
EndGlobal
